
Microsoft Visual Studio Solution File, Format Version 12.00
# Visual Studio Version 17
VisualStudioVersion = 17.11.35222.181
MinimumVisualStudioVersion = 10.0.40219.1
Project("{FAE04EC0-301F-11D3-BF4B-00C04F79EFBC}") = "ProjetoMusicaClasse", "ProjetoMusicaClasse\ProjetoMusicaClasse.csproj", "{4BF88DB1-56DD-4455-B015-5C64E0ABFD95}"
EndProject
Global
	GlobalSection(SolutionConfigurationPlatforms) = preSolution
		Debug|Any CPU = Debug|Any CPU
		Release|Any CPU = Release|Any CPU
	EndGlobalSection
	GlobalSection(ProjectConfigurationPlatforms) = postSolution
		{4BF88DB1-56DD-4455-B015-5C64E0ABFD95}.Debug|Any CPU.ActiveCfg = Debug|Any CPU
		{4BF88DB1-56DD-4455-B015-5C64E0ABFD95}.Debug|Any CPU.Build.0 = Debug|Any CPU
		{4BF88DB1-56DD-4455-B015-5C64E0ABFD95}.Release|Any CPU.ActiveCfg = Release|Any CPU
		{4BF88DB1-56DD-4455-B015-5C64E0ABFD95}.Release|Any CPU.Build.0 = Release|Any CPU
	EndGlobalSection
	GlobalSection(SolutionProperties) = preSolution
		HideSolutionNode = FALSE
	EndGlobalSection
	GlobalSection(ExtensibilityGlobals) = postSolution
		SolutionGuid = {035C5F78-7DE5-443A-B93B-C9C53C300B52}
	EndGlobalSection
EndGlobal
